Microsoft Visual Studio Solution File, Format Version 12.00
# Visual Studio Version 17
VisualStudioVersion = 17.5.2.0
MinimumVisualStudioVersion = 10.0.40219.1
Project("{FAE04EC0-301F-11D3-BF4B-00C04F79EFBC}") = "sample-api", "sample-api\sample-api.csproj", "{9815BC9D-A478-FFC9-0C5B-C9FA3C468F06}"
EndProject
Global
	GlobalSection(SolutionConfigurationPlatforms) = preSolution
		Debug|Any CPU = Debug|Any CPU
		Release|Any CPU = Release|Any CPU
	EndGlobalSection
	GlobalSection(ProjectConfigurationPlatforms) = postSolution
		{9815BC9D-A478-FFC9-0C5B-C9FA3C468F06}.Debug|Any CPU.ActiveCfg = Debug|Any CPU
		{9815BC9D-A478-FFC9-0C5B-C9FA3C468F06}.Debug|Any CPU.Build.0 = Debug|Any CPU
		{9815BC9D-A478-FFC9-0C5B-C9FA3C468F06}.Release|Any CPU.ActiveCfg = Release|Any CPU
		{9815BC9D-A478-FFC9-0C5B-C9FA3C468F06}.Release|Any CPU.Build.0 = Release|Any CPU
	EndGlobalSection
	GlobalSection(SolutionProperties) = preSolution
		HideSolutionNode = FALSE
	EndGlobalSection
	GlobalSection(ExtensibilityGlobals) = postSolution
		SolutionGuid = {099412E8-24DA-4DB5-A8B0-31FBB7E1541E}
	EndGlobalSection
EndGlobal
